<?xml version="1.0" encoding="utf-8"?>
<Project ToolsVersion="4.0" xmlns="http://schemas.microsoft.com/developer/msbuild/2003">
  <ItemGroup>
    <Filter Include="Form Files">
      <UniqueIdentifier>{99349809-55BA-4b9d-BF79-8FDBB0286EB3}</UniqueIdentifier>
      <Extensions>ui</Extensions>
      <ParseFiles>false</ParseFiles>
    </Filter>
    <Filter Include="Form Files">
      <UniqueIdentifier>{99349809-55BA-4b9d-BF79-8FDBB0286EB3}</UniqueIdentifier>
      <Extensions>ui</Extensions>
      <ParseFiles>false</ParseFiles>
    </Filter>
    <Filter Include="Generated Files">
      <UniqueIdentifier>{71ED8ED8-ACB9-4CE9-BBE1-E00B30144E11}</UniqueIdentifier>
      <Extensions>cpp;c;cxx;moc;h;def;odl;idl;res;</Extensions>
    </Filter>
    <Filter Include="Generated Files">
      <UniqueIdentifier>{71ED8ED8-ACB9-4CE9-BBE1-E00B30144E11}</UniqueIdentifier>
      <Extensions>cpp;c;cxx;moc;h;def;odl;idl;res;</Extensions>
    </Filter>
    <Filter Include="Header Files">
      <UniqueIdentifier>{93995380-89BD-4b04-88EB-625FBE52EBFB}</UniqueIdentifier>
      <Extensions>h;hpp;hxx;hm;inl;inc;xsd</Extensions>
    </Filter>
    <Filter Include="Header Files">
      <UniqueIdentifier>{93995380-89BD-4b04-88EB-625FBE52EBFB}</UniqueIdentifier>
      <Extensions>h;hpp;hxx;hm;inl;inc;xsd</Extensions>
    </Filter>
    <Filter Include="Source Files">
      <UniqueIdentifier>{4FC737F1-C7A5-4376-A066-2A32D752A2FF}</UniqueIdentifier>
      <Extensions>cpp;c;cxx;def;odl;idl;hpj;bat;asm;asmx</Extensions>
    </Filter>
    <Filter Include="Source Files">
      <UniqueIdentifier>{4FC737F1-C7A5-4376-A066-2A32D752A2FF}</UniqueIdentifier>
      <Extensions>cpp;c;cxx;def;odl;idl;hpj;bat;asm;asmx</Extensions>
    </Filter>
  </ItemGroup>
  <ItemGroup>
    <ClCompile Include="..\Aquifolium\src\BTC.cpp">
      <Filter>Source Files</Filter>
    </ClCompile>
    <ClCompile Include="..\Aquifolium\src\BTCSet.cpp">
      <Filter>Source Files</Filter>
    </ClCompile>
    <ClCompile Include="..\Aquifolium\src\GA\Binary.cpp">
      <Filter>Source Files</Filter>
    </ClCompile>
    <ClCompile Include="..\Aquifolium\src\Block.cpp">
      <Filter>Source Files</Filter>
    </ClCompile>
    <ClCompile Include="..\Aquifolium\src\Command.cpp">
      <Filter>Source Files</Filter>
    </ClCompile>
    <ClCompile Include="..\Aquifolium\src\Condition.cpp">
      <Filter>Source Files</Filter>
    </ClCompile>
    <ClCompile Include="..\Aquifolium\src\GA\Distribution.cpp">
      <Filter>Source Files</Filter>
    </ClCompile>
    <ClCompile Include="..\Aquifolium\src\GA\DistributionNUnif.cpp">
      <Filter>Source Files</Filter>
    </ClCompile>
    <ClCompile Include="..\Aquifolium\src\ErrorHandler.cpp">
      <Filter>Source Files</Filter>
    </ClCompile>
    <ClCompile Include="..\Aquifolium\src\Expression.cpp">
      <Filter>Source Files</Filter>
    </ClCompile>
    <ClCompile Include="..\Aquifolium\src\GA\Individual.cpp">
      <Filter>Source Files</Filter>
    </ClCompile>
    <ClCompile Include="..\Aquifolium\src\Link.cpp">
      <Filter>Source Files</Filter>
    </ClCompile>
    <ClCompile Include="..\Aquifolium\src\Matrix.cpp">
      <Filter>Source Files</Filter>
    </ClCompile>
    <ClCompile Include="..\Aquifolium\src\Matrix_arma.cpp">
      <Filter>Source Files</Filter>
    </ClCompile>
    <ClCompile Include="..\Aquifolium\src\MetaModel.cpp">
      <Filter>Source Files</Filter>
    </ClCompile>
    <ClCompile Include="..\Aquifolium\src\NormalDist.cpp">
      <Filter>Source Files</Filter>
    </ClCompile>
    <ClCompile Include="..\Aquifolium\src\Object.cpp">
      <Filter>Source Files</Filter>
    </ClCompile>
    <ClCompile Include="..\Aquifolium\src\Objective_Function.cpp">
      <Filter>Source Files</Filter>
    </ClCompile>
    <ClCompile Include="..\Aquifolium\src\Objective_Function_Set.cpp">
      <Filter>Source Files</Filter>
    </ClCompile>
    <ClCompile Include="..\Aquifolium\src\Parameter.cpp">
      <Filter>Source Files</Filter>
    </ClCompile>
    <ClCompile Include="..\Aquifolium\src\Parameter_Set.cpp">
      <Filter>Source Files</Filter>
    </ClCompile>
    <ClCompile Include="..\Aquifolium\src\Precipitation.cpp">
      <Filter>Source Files</Filter>
    </ClCompile>
    <ClCompile Include="..\Aquifolium\src\Quan.cpp">
      <Filter>Source Files</Filter>
    </ClCompile>
    <ClCompile Include="..\Aquifolium\src\QuanSet.cpp">
      <Filter>Source Files</Filter>
    </ClCompile>
    <ClCompile Include="..\Aquifolium\src\QuickSort.cpp">
      <Filter>Source Files</Filter>
    </ClCompile>
    <ClCompile Include="..\Aquifolium\src\Rule.cpp">
      <Filter>Source Files</Filter>
    </ClCompile>
    <ClCompile Include="..\Aquifolium\src\Script.cpp">
      <Filter>Source Files</Filter>
    </ClCompile>
    <ClCompile Include="..\Aquifolium\src\Source.cpp">
      <Filter>Source Files</Filter>
    </ClCompile>
    <ClCompile Include="..\Aquifolium\src\System.cpp">
      <Filter>Source Files</Filter>
    </ClCompile>
    <ClCompile Include="..\Aquifolium\src\Vector.cpp">
      <Filter>Source Files</Filter>
    </ClCompile>
    <ClCompile Include="..\Aquifolium\src\Vector_arma.cpp">
      <Filter>Source Files</Filter>
    </ClCompile>
    <ClCompile Include="delegate.cpp">
      <Filter>Source Files</Filter>
    </ClCompile>
    <ClCompile Include="diagramview.cpp">
      <Filter>Source Files</Filter>
    </ClCompile>
    <ClCompile Include="edge.cpp">
      <Filter>Source Files</Filter>
    </ClCompile>
    <ClCompile Include="..\jsoncpp\src\lib_json\json_reader.cpp">
      <Filter>Source Files</Filter>
    </ClCompile>
    <ClCompile Include="..\jsoncpp\src\lib_json\json_value.cpp">
      <Filter>Source Files</Filter>
    </ClCompile>
    <ClCompile Include="..\jsoncpp\src\lib_json\json_writer.cpp">
      <Filter>Source Files</Filter>
    </ClCompile>
    <ClCompile Include="main.cpp">
      <Filter>Source Files</Filter>
    </ClCompile>
    <ClCompile Include="mainwindow.cpp">
      <Filter>Source Files</Filter>
    </ClCompile>
    <ClCompile Include="node.cpp">
      <Filter>Source Files</Filter>
    </ClCompile>
    <ClCompile Include="propmodel.cpp">
      <Filter>Source Files</Filter>
    </ClCompile>
    <ClCompile Include="..\qcustomplot\qcustomplot.cpp">
      <Filter>Source Files</Filter>
    </ClCompile>
    <ClCompile Include="ray.cpp">
      <Filter>Source Files</Filter>
    </ClCompile>
    <ClCompile Include="runtimewindow.cpp">
      <Filter>Source Files</Filter>
    </ClCompile>
    <ClCompile Include="utilityfuncs.cpp">
      <Filter>Source Files</Filter>
    </ClCompile>
    <ClCompile Include="plotter.cpp">
      <Filter>Source Files</Filter>
    </ClCompile>
  </ItemGroup>
  <ItemGroup>
    <ClInclude Include="..\Aquifolium\include\BTC.h">
      <Filter>Header Files</Filter>
    </ClInclude>
    <ClInclude Include="..\Aquifolium\include\BTCSet.h">
      <Filter>Header Files</Filter>
    </ClInclude>
    <ClInclude Include="..\Aquifolium\include\GA\Binary.h">
      <Filter>Header Files</Filter>
    </ClInclude>
    <ClInclude Include="..\Aquifolium\include\Block.h">
      <Filter>Header Files</Filter>
    </ClInclude>
    <ClInclude Include="..\Aquifolium\include\Command.h">
      <Filter>Header Files</Filter>
    </ClInclude>
    <ClInclude Include="..\Aquifolium\include\GA\Distribution.h">
      <Filter>Header Files</Filter>
    </ClInclude>
    <ClInclude Include="..\Aquifolium\include\GA\DistributionNUnif.h">
      <Filter>Header Files</Filter>
    </ClInclude>
    <ClInclude Include="..\Aquifolium\include\Expression.h">
      <Filter>Header Files</Filter>
    </ClInclude>
    <ClInclude Include="..\Aquifolium\src\GA\GA.hpp">
      <Filter>Header Files</Filter>
    </ClInclude>
    <ClInclude Include="..\Aquifolium\include\GA\Individual.h">
      <Filter>Header Files</Filter>
    </ClInclude>
    <ClInclude Include="..\Aquifolium\include\Link.h">
      <Filter>Header Files</Filter>
    </ClInclude>
    <ClInclude Include="..\Aquifolium\include\Matrix.h">
      <Filter>Header Files</Filter>
    </ClInclude>
    <ClInclude Include="..\Aquifolium\include\Matrix_arma.h">
      <Filter>Header Files</Filter>
    </ClInclude>
    <ClInclude Include="..\Aquifolium\include\MetaModel.h">
      <Filter>Header Files</Filter>
    </ClInclude>
    <ClInclude Include="..\Aquifolium\include\NormalDist.h">
      <Filter>Header Files</Filter>
    </ClInclude>
    <ClInclude Include="..\Aquifolium\include\Object.h">
      <Filter>Header Files</Filter>
    </ClInclude>
    <ClInclude Include="..\Aquifolium\include\Parameter.h">
      <Filter>Header Files</Filter>
    </ClInclude>
    <ClInclude Include="..\Aquifolium\include\Parameter_Set.h">
      <Filter>Header Files</Filter>
    </ClInclude>
    <ClInclude Include="..\Aquifolium\include\Precipitation.h">
      <Filter>Header Files</Filter>
    </ClInclude>
    <ClInclude Include="..\Aquifolium\include\Quan.h">
      <Filter>Header Files</Filter>
    </ClInclude>
    <ClInclude Include="..\Aquifolium\include\QuanSet.h">
      <Filter>Header Files</Filter>
    </ClInclude>
    <ClInclude Include="..\Aquifolium\include\QuickSort.h">
      <Filter>Header Files</Filter>
    </ClInclude>
    <ClInclude Include="..\Aquifolium\include\Script.h">
      <Filter>Header Files</Filter>
    </ClInclude>
    <ClInclude Include="..\Aquifolium\include\StringOP.h">
      <Filter>Header Files</Filter>
    </ClInclude>
    <ClInclude Include="..\Aquifolium\include\System.h">
      <Filter>Header Files</Filter>
    </ClInclude>
    <ClInclude Include="..\Aquifolium\include\Vector.h">
      <Filter>Header Files</Filter>
    </ClInclude>
    <ClInclude Include="..\Aquifolium\include\Vector_arma.h">
      <Filter>Header Files</Filter>
    </ClInclude>
    <ClInclude Include="..\jsoncpp\include\json\allocator.h">
      <Filter>Header Files</Filter>
    </ClInclude>
    <ClInclude Include="..\jsoncpp\include\json\assertions.h">
      <Filter>Header Files</Filter>
    </ClInclude>
    <ClInclude Include="..\jsoncpp\include\json\autolink.h">
      <Filter>Header Files</Filter>
    </ClInclude>
    <ClInclude Include="..\jsoncpp\include\json\config.h">
      <Filter>Header Files</Filter>
    </ClInclude>
    <QtMoc Include="delegate.h">
      <Filter>Header Files</Filter>
    </QtMoc>
    <QtMoc Include="diagramview.h">
      <Filter>Header Files</Filter>
    </QtMoc>
    <ClInclude Include="edge.h">
      <Filter>Header Files</Filter>
    </ClInclude>
    <ClInclude Include="enums.h">
      <Filter>Header Files</Filter>
    </ClInclude>
    <ClInclude Include="..\jsoncpp\include\json\features.h">
      <Filter>Header Files</Filter>
    </ClInclude>
    <ClInclude Include="..\jsoncpp\include\json\forwards.h">
      <Filter>Header Files</Filter>
    </ClInclude>
    <ClInclude Include="..\jsoncpp\include\json\json.h">
      <Filter>Header Files</Filter>
    </ClInclude>
    <ClInclude Include="..\jsoncpp\src\lib_json\json_tool.h">
      <Filter>Header Files</Filter>
    </ClInclude>
    <QtMoc Include="mainwindow.h">
      <Filter>Header Files</Filter>
    </QtMoc>
    <ClInclude Include="node.h">
      <Filter>Header Files</Filter>
    </ClInclude>
    <QtMoc Include="propmodel.h">
      <Filter>Header Files</Filter>
    </QtMoc>
    <QtMoc Include="..\qcustomplot\qcustomplot.h">
      <Filter>Header Files</Filter>
    </QtMoc>
    <ClInclude Include="ray.h">
      <Filter>Header Files</Filter>
    </ClInclude>
    <ClInclude Include="..\jsoncpp\include\json\reader.h">
      <Filter>Header Files</Filter>
    </ClInclude>
    <QtMoc Include="runtimewindow.h">
      <Filter>Header Files</Filter>
    </QtMoc>
    <ClInclude Include="utilityfuncs.h">
      <Filter>Header Files</Filter>
    </ClInclude>
    <ClInclude Include="..\jsoncpp\include\json\value.h">
      <Filter>Header Files</Filter>
    </ClInclude>
    <ClInclude Include="..\jsoncpp\include\json\version.h">
      <Filter>Header Files</Filter>
    </ClInclude>
    <ClInclude Include="..\jsoncpp\src\lib_json\version.h.in">
      <Filter>Header Files</Filter>
    </ClInclude>
    <ClInclude Include="..\jsoncpp\include\json\writer.h">
      <Filter>Header Files</Filter>
    </ClInclude>
  </ItemGroup>
  <ItemGroup>
    <QtUic Include="mainwindow.ui">
      <Filter>Form Files</Filter>
    </QtUic>
    <QtUic Include="runtimewindow.ui">
      <Filter>Form Files</Filter>
    </QtUic>
    <QtUic Include="plotter.ui">
      <Filter>Form Files</Filter>
    </QtUic>
  </ItemGroup>
  <ItemGroup>
    <QtMoc Include="plotter.h">
      <Filter>Header Files</Filter>
    </QtMoc>
  </ItemGroup>
</Project>