<?xml version="1.0" encoding="utf-8"?>
<Project ToolsVersion="4.0" xmlns="http://schemas.microsoft.com/developer/msbuild/2003">
  <ItemGroup>
    <Filter Include="Source Files">
      <UniqueIdentifier>{4FC737F1-C7A5-4376-A066-2A32D752A2FF}</UniqueIdentifier>
      <Extensions>cpp;c;cc;cxx;def;odl;idl;hpj;bat;asm;asmx</Extensions>
    </Filter>
    <Filter Include="Header Files">
      <UniqueIdentifier>{93995380-89BD-4b04-88EB-625FBE52EBFB}</UniqueIdentifier>
      <Extensions>h;hh;hpp;hxx;hm;inl;inc;xsd</Extensions>
    </Filter>
    <Filter Include="Resource Files">
      <UniqueIdentifier>{67DA6AB6-F800-4c08-8B7A-83BB121AAD01}</UniqueIdentifier>
      <Extensions>qrc;rc;ico;cur;bmp;dlg;rc2;rct;bin;rgs;gif;jpg;jpeg;jpe;resx;tiff;tif;png;wav;mfcribbon-ms</Extensions>
    </Filter>
    <Filter Include="Form Files">
      <UniqueIdentifier>{99349809-55BA-4b9d-BF79-8FDBB0286EB3}</UniqueIdentifier>
      <Extensions>ui</Extensions>
    </Filter>
    <Filter Include="Translation Files">
      <UniqueIdentifier>{639EADAA-A684-42e4-A9AD-28FC9BCB8F7C}</UniqueIdentifier>
      <Extensions>ts</Extensions>
    </Filter>
  </ItemGroup>
  <ItemGroup>
    <QtRcc Include="ModelWizard.qrc">
      <Filter>Resource Files</Filter>
    </QtRcc>
    <QtMoc Include="ModelWizard.h">
      <Filter>Header Files</Filter>
    </QtMoc>
  </ItemGroup>
  <ItemGroup>
    <ClCompile Include="main.cpp">
      <Filter>Source Files</Filter>
    </ClCompile>
    <ClCompile Include="mainwindow.cpp">
      <Filter>Source Files</Filter>
    </ClCompile>
    <ClCompile Include="MajorBlock.cpp">
      <Filter>Source Files</Filter>
    </ClCompile>
    <ClCompile Include="Wizard_Script.cpp">
      <Filter>Source Files</Filter>
    </ClCompile>
    <ClCompile Include="Wizard_Argument.cpp">
      <Filter>Source Files</Filter>
    </ClCompile>
    <ClCompile Include="wizarddialog.cpp">
      <Filter>Source Files</Filter>
    </ClCompile>
    <ClCompile Include="wizardparameter.cpp">
      <Filter>Source Files</Filter>
    </ClCompile>
    <ClCompile Include="wizardparametergroup.cpp">
      <Filter>Source Files</Filter>
    </ClCompile>
    <ClCompile Include="..\UnitTextBox3.cpp">
      <Filter>Source Files</Filter>
    </ClCompile>
    <ClCompile Include="wizardcriteria.cpp">
      <Filter>Source Files</Filter>
    </ClCompile>
    <ClCompile Include="..\aquifolium\src\Utilities.cpp">
      <Filter>Source Files</Filter>
    </ClCompile>
    <ClCompile Include="Wizard_Entity.cpp">
      <Filter>Source Files</Filter>
    </ClCompile>
    <ClCompile Include="FilePushButton.cpp">
      <Filter>Source Files</Filter>
    </ClCompile>
  </ItemGroup>
  <ItemGroup>
    <QtMoc Include="mainwindow.h">
      <Filter>Header Files</Filter>
    </QtMoc>
    <QtMoc Include="wizarddialog.h">
      <Filter>Header Files</Filter>
    </QtMoc>
    <QtMoc Include="..\UnitTextBox3.h">
      <Filter>Header Files</Filter>
    </QtMoc>
    <QtMoc Include="FilePushButton.h">
      <Filter>Header Files</Filter>
    </QtMoc>
  </ItemGroup>
  <ItemGroup>
    <QtUic Include="mainwindow.ui">
      <Filter>Form Files</Filter>
    </QtUic>
    <QtUic Include="wizarddialog.ui">
      <Filter>Form Files</Filter>
    </QtUic>
  </ItemGroup>
  <ItemGroup>
    <ClInclude Include="MajorBlock.h">
      <Filter>Header Files</Filter>
    </ClInclude>
    <ClInclude Include="Wizard_Script.h">
      <Filter>Header Files</Filter>
    </ClInclude>
    <ClInclude Include="Wizard_Argument.h">
      <Filter>Header Files</Filter>
    </ClInclude>
    <ClInclude Include="..\aquifolium\include\Expression.h">
      <Filter>Header Files</Filter>
    </ClInclude>
    <ClInclude Include="wizardparameter.h">
      <Filter>Header Files</Filter>
    </ClInclude>
    <ClInclude Include="wizardparametergroup.h">
      <Filter>Header Files</Filter>
    </ClInclude>
    <ClInclude Include="wizardcriteria.h">
      <Filter>Header Files</Filter>
    </ClInclude>
    <ClInclude Include="Wizard_Entity.h">
      <Filter>Header Files</Filter>
    </ClInclude>
  </ItemGroup>
</Project>